SITE
  remote: https://supermarket.getchef.com/api/v1
  specs:
    dmg (4.1.1)
    homebrew (5.0.8)
    osx (2.0.1)
    plist (0.9.3)

GIT
  remote: https://github.com/pivotal-sprout/sprout-base
  ref: master
  sha: a7f515dd6ec08e682c9fb0637c8a153fa275e19f
  specs:
    sprout-base (0.7.0)
      homebrew (>= 0.0.0)

PATH
  remote: .
  specs:
    lyraphase_workstation (1.6.0)
      dmg (>= 0.0.0)
      homebrew (>= 0.0.0)
      osx (>= 0.0.0)
      plist (>= 0.0.0)
      sprout-base (>= 0.0.0)

DEPENDENCIES
  lyraphase_workstation (>= 0)
  sprout-base (>= 0)

